
Microsoft Visual Studio Solution File, Format Version 12.00
# Visual Studio Version 17
VisualStudioVersion = 17.12.35527.113
MinimumVisualStudioVersion = 10.0.40219.1
Project("{2150E333-8FDC-42A3-9474-1A3956D46DE8}") = "src", "src", "{82EF56C0-345A-43AE-894E-BE656525075E}"
EndProject
Project("{2150E333-8FDC-42A3-9474-1A3956D46DE8}") = "AppGateways", "AppGateways", "{76B6D65F-BCDA-47DF-85E0-3F20B5E5981B}"
EndProject
Project("{2150E333-8FDC-42A3-9474-1A3956D46DE8}") = "Services", "Services", "{0835334A-B1DB-4232-B802-139BCD717694}"
EndProject
Project("{2150E333-8FDC-42A3-9474-1A3956D46DE8}") = "AuthService", "AuthService", "{6DE6BECE-2F91-41CE-9361-B97D7D54F0E4}"
EndProject
Project("{2150E333-8FDC-42A3-9474-1A3956D46DE8}") = "InventoryService", "InventoryService", "{FBC08666-E102-480B-AA61-84C48F2E529B}"
EndProject
Project("{2150E333-8FDC-42A3-9474-1A3956D46DE8}") = "OrderService", "OrderService", "{9D64552A-30E5-45BF-B538-7C6E9138AF3A}"
EndProject
Project("{2150E333-8FDC-42A3-9474-1A3956D46DE8}") = "NotificationService", "NotificationService", "{9878DB4C-83E6-4025-9E76-4823B598A4F5}"
EndProject
Project("{2150E333-8FDC-42A3-9474-1A3956D46DE8}") = "ReportingService", "ReportingService", "{4F6AA114-3F1B-49FF-8DE7-6ADDE9F39086}"
EndProject
Project("{2150E333-8FDC-42A3-9474-1A3956D46DE8}") = "Shared", "Shared", "{2639A71F-B86B-4A4D-BD20-F14641533F2D}"
EndProject
Project("{2150E333-8FDC-42A3-9474-1A3956D46DE8}") = "WebApiGateway", "WebApiGateway", "{92FA52E2-DF83-44DE-B7FD-D493FE9CB998}"
EndProject
Project("{FAE04EC0-301F-11D3-BF4B-00C04F79EFBC}") = "Web.ApiGateway", "src\AppGateways\WebApiGateway\Web.ApiGateway\Web.ApiGateway.csproj", "{4BDE58D2-F071-4964-9A06-54460A7FE1D5}"
EndProject
Project("{FAE04EC0-301F-11D3-BF4B-00C04F79EFBC}") = "AuthService.API", "src\Services\AuthService\AuthService.API\AuthService.API.csproj", "{4D63491E-DAC8-4523-AF54-4A84B8F467AF}"
EndProject
Project("{FAE04EC0-301F-11D3-BF4B-00C04F79EFBC}") = "InventoryService.API", "src\Services\InventoryService\InventoryService.API\InventoryService.API.csproj", "{BD95E587-09C4-4C05-9675-93FE04EFB5E9}"
EndProject
Project("{FAE04EC0-301F-11D3-BF4B-00C04F79EFBC}") = "NotificationService.API", "src\Services\NotificationService\NotificationService.API\NotificationService.API.csproj", "{47B5A077-3733-443E-BEC9-2CA99327C277}"
EndProject
Project("{FAE04EC0-301F-11D3-BF4B-00C04F79EFBC}") = "OrderService.API", "src\Services\OrderService\OrderService.API\OrderService.API.csproj", "{70F1CB88-0057-4376-B2F0-6586CD545A18}"
EndProject
Project("{FAE04EC0-301F-11D3-BF4B-00C04F79EFBC}") = "ReportingService.API", "src\Services\ReportingService\ReportingService.API\ReportingService.API.csproj", "{C1C23B5F-F597-448E-8DC1-6FBB2E5888CA}"
EndProject
Project("{FAE04EC0-301F-11D3-BF4B-00C04F79EFBC}") = "ConsoleApp1", "src\Shared\ConsoleApp1\ConsoleApp1.csproj", "{EECA1245-050A-4DC7-9C2A-41E7C34A1A65}"
EndProject
Project("{FAE04EC0-301F-11D3-BF4B-00C04F79EFBC}") = "Core.Application", "nArchitecture.Core\src\Core.Application\Core.Application.csproj", "{2C620ED8-566E-48A0-BBEB-6A1C83DFE649}"
EndProject
Global
	GlobalSection(SolutionConfigurationPlatforms) = preSolution
		Debug|Any CPU = Debug|Any CPU
		Release|Any CPU = Release|Any CPU
	EndGlobalSection
	GlobalSection(ProjectConfigurationPlatforms) = postSolution
		{4BDE58D2-F071-4964-9A06-54460A7FE1D5}.Debug|Any CPU.ActiveCfg = Debug|Any CPU
		{4BDE58D2-F071-4964-9A06-54460A7FE1D5}.Debug|Any CPU.Build.0 = Debug|Any CPU
		{4BDE58D2-F071-4964-9A06-54460A7FE1D5}.Release|Any CPU.ActiveCfg = Release|Any CPU
		{4BDE58D2-F071-4964-9A06-54460A7FE1D5}.Release|Any CPU.Build.0 = Release|Any CPU
		{4D63491E-DAC8-4523-AF54-4A84B8F467AF}.Debug|Any CPU.ActiveCfg = Debug|Any CPU
		{4D63491E-DAC8-4523-AF54-4A84B8F467AF}.Debug|Any CPU.Build.0 = Debug|Any CPU
		{4D63491E-DAC8-4523-AF54-4A84B8F467AF}.Release|Any CPU.ActiveCfg = Release|Any CPU
		{4D63491E-DAC8-4523-AF54-4A84B8F467AF}.Release|Any CPU.Build.0 = Release|Any CPU
		{BD95E587-09C4-4C05-9675-93FE04EFB5E9}.Debug|Any CPU.ActiveCfg = Debug|Any CPU
		{BD95E587-09C4-4C05-9675-93FE04EFB5E9}.Debug|Any CPU.Build.0 = Debug|Any CPU
		{BD95E587-09C4-4C05-9675-93FE04EFB5E9}.Release|Any CPU.ActiveCfg = Release|Any CPU
		{BD95E587-09C4-4C05-9675-93FE04EFB5E9}.Release|Any CPU.Build.0 = Release|Any CPU
		{47B5A077-3733-443E-BEC9-2CA99327C277}.Debug|Any CPU.ActiveCfg = Debug|Any CPU
		{47B5A077-3733-443E-BEC9-2CA99327C277}.Debug|Any CPU.Build.0 = Debug|Any CPU
		{47B5A077-3733-443E-BEC9-2CA99327C277}.Release|Any CPU.ActiveCfg = Release|Any CPU
		{47B5A077-3733-443E-BEC9-2CA99327C277}.Release|Any CPU.Build.0 = Release|Any CPU
		{70F1CB88-0057-4376-B2F0-6586CD545A18}.Debug|Any CPU.ActiveCfg = Debug|Any CPU
		{70F1CB88-0057-4376-B2F0-6586CD545A18}.Debug|Any CPU.Build.0 = Debug|Any CPU
		{70F1CB88-0057-4376-B2F0-6586CD545A18}.Release|Any CPU.ActiveCfg = Release|Any CPU
		{70F1CB88-0057-4376-B2F0-6586CD545A18}.Release|Any CPU.Build.0 = Release|Any CPU
		{C1C23B5F-F597-448E-8DC1-6FBB2E5888CA}.Debug|Any CPU.ActiveCfg = Debug|Any CPU
		{C1C23B5F-F597-448E-8DC1-6FBB2E5888CA}.Debug|Any CPU.Build.0 = Debug|Any CPU
		{C1C23B5F-F597-448E-8DC1-6FBB2E5888CA}.Release|Any CPU.ActiveCfg = Release|Any CPU
		{C1C23B5F-F597-448E-8DC1-6FBB2E5888CA}.Release|Any CPU.Build.0 = Release|Any CPU
		{EECA1245-050A-4DC7-9C2A-41E7C34A1A65}.Debug|Any CPU.ActiveCfg = Debug|Any CPU
		{EECA1245-050A-4DC7-9C2A-41E7C34A1A65}.Debug|Any CPU.Build.0 = Debug|Any CPU
		{EECA1245-050A-4DC7-9C2A-41E7C34A1A65}.Release|Any CPU.ActiveCfg = Release|Any CPU
		{EECA1245-050A-4DC7-9C2A-41E7C34A1A65}.Release|Any CPU.Build.0 = Release|Any CPU
		{2C620ED8-566E-48A0-BBEB-6A1C83DFE649}.Debug|Any CPU.ActiveCfg = Debug|Any CPU
		{2C620ED8-566E-48A0-BBEB-6A1C83DFE649}.Debug|Any CPU.Build.0 = Debug|Any CPU
		{2C620ED8-566E-48A0-BBEB-6A1C83DFE649}.Release|Any CPU.ActiveCfg = Release|Any CPU
		{2C620ED8-566E-48A0-BBEB-6A1C83DFE649}.Release|Any CPU.Build.0 = Release|Any CPU
	EndGlobalSection
	GlobalSection(SolutionProperties) = preSolution
		HideSolutionNode = FALSE
	EndGlobalSection
	GlobalSection(NestedProjects) = preSolution
		{76B6D65F-BCDA-47DF-85E0-3F20B5E5981B} = {82EF56C0-345A-43AE-894E-BE656525075E}
		{0835334A-B1DB-4232-B802-139BCD717694} = {82EF56C0-345A-43AE-894E-BE656525075E}
		{6DE6BECE-2F91-41CE-9361-B97D7D54F0E4} = {0835334A-B1DB-4232-B802-139BCD717694}
		{FBC08666-E102-480B-AA61-84C48F2E529B} = {0835334A-B1DB-4232-B802-139BCD717694}
		{9D64552A-30E5-45BF-B538-7C6E9138AF3A} = {0835334A-B1DB-4232-B802-139BCD717694}
		{9878DB4C-83E6-4025-9E76-4823B598A4F5} = {0835334A-B1DB-4232-B802-139BCD717694}
		{4F6AA114-3F1B-49FF-8DE7-6ADDE9F39086} = {0835334A-B1DB-4232-B802-139BCD717694}
		{2639A71F-B86B-4A4D-BD20-F14641533F2D} = {82EF56C0-345A-43AE-894E-BE656525075E}
		{92FA52E2-DF83-44DE-B7FD-D493FE9CB998} = {76B6D65F-BCDA-47DF-85E0-3F20B5E5981B}
		{4BDE58D2-F071-4964-9A06-54460A7FE1D5} = {92FA52E2-DF83-44DE-B7FD-D493FE9CB998}
		{4D63491E-DAC8-4523-AF54-4A84B8F467AF} = {6DE6BECE-2F91-41CE-9361-B97D7D54F0E4}
		{BD95E587-09C4-4C05-9675-93FE04EFB5E9} = {FBC08666-E102-480B-AA61-84C48F2E529B}
		{47B5A077-3733-443E-BEC9-2CA99327C277} = {9878DB4C-83E6-4025-9E76-4823B598A4F5}
		{70F1CB88-0057-4376-B2F0-6586CD545A18} = {9D64552A-30E5-45BF-B538-7C6E9138AF3A}
		{C1C23B5F-F597-448E-8DC1-6FBB2E5888CA} = {4F6AA114-3F1B-49FF-8DE7-6ADDE9F39086}
		{EECA1245-050A-4DC7-9C2A-41E7C34A1A65} = {2639A71F-B86B-4A4D-BD20-F14641533F2D}
		{2C620ED8-566E-48A0-BBEB-6A1C83DFE649} = {2639A71F-B86B-4A4D-BD20-F14641533F2D}
	EndGlobalSection
EndGlobal
