
Microsoft Visual Studio Solution File, Format Version 12.00
# Visual Studio Version 17
VisualStudioVersion = 17.12.35527.113
MinimumVisualStudioVersion = 10.0.40219.1
Project("{2150E333-8FDC-42A3-9474-1A3956D46DE8}") = "src", "src", "{82EF56C0-345A-43AE-894E-BE656525075E}"
EndProject
Project("{2150E333-8FDC-42A3-9474-1A3956D46DE8}") = "AppGateways", "AppGateways", "{76B6D65F-BCDA-47DF-85E0-3F20B5E5981B}"
EndProject
Project("{2150E333-8FDC-42A3-9474-1A3956D46DE8}") = "Services", "Services", "{0835334A-B1DB-4232-B802-139BCD717694}"
EndProject
Project("{2150E333-8FDC-42A3-9474-1A3956D46DE8}") = "AuthService", "AuthService", "{6DE6BECE-2F91-41CE-9361-B97D7D54F0E4}"
EndProject
Project("{2150E333-8FDC-42A3-9474-1A3956D46DE8}") = "InventoryService", "InventoryService", "{FBC08666-E102-480B-AA61-84C48F2E529B}"
EndProject
Project("{2150E333-8FDC-42A3-9474-1A3956D46DE8}") = "OrderService", "OrderService", "{9D64552A-30E5-45BF-B538-7C6E9138AF3A}"
EndProject
Project("{2150E333-8FDC-42A3-9474-1A3956D46DE8}") = "NotificationService", "NotificationService", "{9878DB4C-83E6-4025-9E76-4823B598A4F5}"
EndProject
Project("{2150E333-8FDC-42A3-9474-1A3956D46DE8}") = "ReportingService", "ReportingService", "{4F6AA114-3F1B-49FF-8DE7-6ADDE9F39086}"
EndProject
Project("{2150E333-8FDC-42A3-9474-1A3956D46DE8}") = "Shared", "Shared", "{2639A71F-B86B-4A4D-BD20-F14641533F2D}"
EndProject
Project("{2150E333-8FDC-42A3-9474-1A3956D46DE8}") = "WebApiGateway", "WebApiGateway", "{92FA52E2-DF83-44DE-B7FD-D493FE9CB998}"
EndProject
Project("{FAE04EC0-301F-11D3-BF4B-00C04F79EFBC}") = "Web.ApiGateway", "src\AppGateways\WebApiGateway\Web.ApiGateway\Web.ApiGateway.csproj", "{4BDE58D2-F071-4964-9A06-54460A7FE1D5}"
EndProject
Project("{FAE04EC0-301F-11D3-BF4B-00C04F79EFBC}") = "AuthService.API", "src\Services\AuthService\AuthService.API\AuthService.API.csproj", "{4D63491E-DAC8-4523-AF54-4A84B8F467AF}"
EndProject
Project("{FAE04EC0-301F-11D3-BF4B-00C04F79EFBC}") = "InventoryService.API", "src\Services\InventoryService\InventoryService.API\InventoryService.API.csproj", "{BD95E587-09C4-4C05-9675-93FE04EFB5E9}"
EndProject
Project("{FAE04EC0-301F-11D3-BF4B-00C04F79EFBC}") = "NotificationService.API", "src\Services\NotificationService\NotificationService.API\NotificationService.API.csproj", "{47B5A077-3733-443E-BEC9-2CA99327C277}"
EndProject
Project("{FAE04EC0-301F-11D3-BF4B-00C04F79EFBC}") = "OrderService.API", "src\Services\OrderService\OrderService.API\OrderService.API.csproj", "{70F1CB88-0057-4376-B2F0-6586CD545A18}"
EndProject
Project("{FAE04EC0-301F-11D3-BF4B-00C04F79EFBC}") = "ReportingService.API", "src\Services\ReportingService\ReportingService.API\ReportingService.API.csproj", "{C1C23B5F-F597-448E-8DC1-6FBB2E5888CA}"
EndProject
Project("{FAE04EC0-301F-11D3-BF4B-00C04F79EFBC}") = "Core.CrossCuttingConcerns.Exception", "src\Shared\Core.CrossCuttingConcerns.Exception\Core.CrossCuttingConcerns.Exception.csproj", "{DA8F7692-6F5F-493B-BD95-8F077391585B}"
EndProject
Project("{FAE04EC0-301F-11D3-BF4B-00C04F79EFBC}") = "Core.CrossCuttingConcerns.Exception.WebApi", "src\Shared\Core.CrossCuttingConcerns.Exception.WebAPI\Core.CrossCuttingConcerns.Exception.WebApi.csproj", "{8809CF33-941E-4AAA-BDAB-848924843999}"
EndProject
Project("{FAE04EC0-301F-11D3-BF4B-00C04F79EFBC}") = "Core.CrossCuttingConcerns.Logging", "src\Shared\Core.CrossCuttingConcerns.Logging\Core.CrossCuttingConcerns.Logging.csproj", "{8833BFD2-A2D9-4432-944C-ACF174B730CB}"
EndProject
Project("{FAE04EC0-301F-11D3-BF4B-00C04F79EFBC}") = "Core.CrossCuttingConcerns.Logging.Abstraction", "src\Shared\Core.CrossCuttingConcerns.Logging.Abstraction\Core.CrossCuttingConcerns.Logging.Abstraction.csproj", "{8C029ECD-7854-4C12-A9E4-50AD2E119892}"
EndProject
Project("{FAE04EC0-301F-11D3-BF4B-00C04F79EFBC}") = "Core.CrossCuttingConcerns.Logging.DependencyInjection", "src\Shared\Core.CrossCuttingConcerns.Logging.DependencyInjection\Core.CrossCuttingConcerns.Logging.DependencyInjection.csproj", "{58F50C43-841C-4A4D-ACF3-52C3B009FCAC}"
EndProject
Project("{FAE04EC0-301F-11D3-BF4B-00C04F79EFBC}") = "Core.CrossCuttingConcerns.Logging.Serilog", "src\Shared\Core.CrossCuttingConcerns.Logging.SeriLog\Core.CrossCuttingConcerns.Logging.Serilog.csproj", "{55DE3E0F-CB94-4C56-8C9E-CFAFA72D23B4}"
EndProject
Project("{FAE04EC0-301F-11D3-BF4B-00C04F79EFBC}") = "Core.ElasticSearch", "src\Shared\Core.ElasticSearch\Core.ElasticSearch.csproj", "{FB96FA18-C716-4F65-8D25-20FDEBCF4395}"
EndProject
Project("{FAE04EC0-301F-11D3-BF4B-00C04F79EFBC}") = "Core.Localization.Abstraction", "src\Shared\Core.Localization.Abstraction\Core.Localization.Abstraction.csproj", "{DDF04D98-49AF-4A77-BA70-69C9C695DF51}"
EndProject
Project("{FAE04EC0-301F-11D3-BF4B-00C04F79EFBC}") = "Core.Localization.Resource.Yaml", "src\Shared\Core.Localization.Resource.Yaml\Core.Localization.Resource.Yaml.csproj", "{7C97B77F-8A23-43D6-9539-F61A4BB1A618}"
EndProject
Project("{FAE04EC0-301F-11D3-BF4B-00C04F79EFBC}") = "Core.Localization.Resource.Yaml.DependencyInjection", "src\Shared\Core.Localization.Resource.Yaml.DependencyInjection\Core.Localization.Resource.Yaml.DependencyInjection.csproj", "{0D95FACC-3D5B-4428-B752-F8037DEBF1AA}"
EndProject
Project("{FAE04EC0-301F-11D3-BF4B-00C04F79EFBC}") = "Core.Localization.Translation", "src\Shared\Core.Localization.Translation\Core.Localization.Translation.csproj", "{3657022F-9580-4C83-ADA1-D8365ABD2BAE}"
EndProject
Project("{FAE04EC0-301F-11D3-BF4B-00C04F79EFBC}") = "Core.Localization.WebApi", "src\Shared\Core.Localization.WebApi\Core.Localization.WebApi.csproj", "{724FDE12-A75E-4E92-9452-45C68F12B622}"
EndProject
Project("{FAE04EC0-301F-11D3-BF4B-00C04F79EFBC}") = "Core.Mailing", "src\Shared\Core.Mailing\Core.Mailing.csproj", "{D24B1185-F48C-416A-A555-F3A87D7D9133}"
EndProject
Project("{FAE04EC0-301F-11D3-BF4B-00C04F79EFBC}") = "Core.Mailing.MailKit", "src\Shared\Core.Mailing.MailKit\Core.Mailing.MailKit.csproj", "{7658DB07-38F8-4ED3-ADD4-A53DC0F73CAA}"
EndProject
Project("{FAE04EC0-301F-11D3-BF4B-00C04F79EFBC}") = "Core.Persistence", "src\Shared\Core.Persistence\Core.Persistence.csproj", "{5E613DF4-C8EF-4B05-A796-8CF23A51CF4D}"
EndProject
Project("{FAE04EC0-301F-11D3-BF4B-00C04F79EFBC}") = "Core.Persistence.DependencyInjection", "src\Shared\Core.Persistence.DependencyInjection\Core.Persistence.DependencyInjection.csproj", "{CDE974A5-84DB-46EC-98D0-AC4F7D8FCBFC}"
EndProject
Project("{FAE04EC0-301F-11D3-BF4B-00C04F79EFBC}") = "Core.Persistence.WebApi", "src\Shared\Core.Persistence.WebApi\Core.Persistence.WebApi.csproj", "{19A8E89A-9A49-4B04-980C-2C5E358C3C79}"
EndProject
Project("{FAE04EC0-301F-11D3-BF4B-00C04F79EFBC}") = "Core.Security", "src\Shared\Core.Security\Core.Security.csproj", "{F1A9BD33-7F54-4E5D-BDF9-C6B0CBE839D5}"
EndProject
Project("{FAE04EC0-301F-11D3-BF4B-00C04F79EFBC}") = "Core.Security.DependencyInjection", "src\Shared\Core.Security.DependencyInjection\Core.Security.DependencyInjection.csproj", "{C489B29B-402E-4938-B7E6-7119DA419202}"
EndProject
Project("{FAE04EC0-301F-11D3-BF4B-00C04F79EFBC}") = "Core.Security.WebApi.Swagger", "src\Shared\Core.Security.WebApi.Swagger\Core.Security.WebApi.Swagger.csproj", "{AE77DA2F-D10E-441F-9A4D-4CD8E47C50C9}"
EndProject
Project("{FAE04EC0-301F-11D3-BF4B-00C04F79EFBC}") = "Core.Test", "src\Shared\Core.Test\Core.Test.csproj", "{AE283DB6-94DD-4713-B6E1-961670A6013C}"
EndProject
Project("{FAE04EC0-301F-11D3-BF4B-00C04F79EFBC}") = "Core.Translation.Abstraction", "src\Shared\Core.Translation.Abstraction\Core.Translation.Abstraction.csproj", "{0EC39670-1D1D-427A-9FC5-C6E1E5CD7E0F}"
EndProject
Project("{FAE04EC0-301F-11D3-BF4B-00C04F79EFBC}") = "Core.Translation.AmazonTranslate", "src\Shared\Core.Translation.AmazonTranslate\Core.Translation.AmazonTranslate.csproj", "{B2CD3E10-C1C9-4091-B609-B533A4C89E3B}"
EndProject
Project("{FAE04EC0-301F-11D3-BF4B-00C04F79EFBC}") = "Core.Translation.AmazonTranslate.DependencyInjection", "src\Shared\Core.Translation.AmazonTranslate.DependencyInjection\Core.Translation.AmazonTranslate.DependencyInjection.csproj", "{3CEDD924-A379-4479-A901-7E0EC873C567}"
EndProject
Project("{FAE04EC0-301F-11D3-BF4B-00C04F79EFBC}") = "Core.CrossCuttingConcerns.Logging.Serilog.File", "src\Shared\Core.CrossCuttingConcerns.Logging.Serilog.File\Core.CrossCuttingConcerns.Logging.Serilog.File.csproj", "{293161E3-827A-4C91-8B40-3A9E8AC4F063}"
EndProject
Project("{FAE04EC0-301F-11D3-BF4B-00C04F79EFBC}") = "Core.Application", "src\Shared\Core.Application\Core.Application.csproj", "{EAD2CA01-D933-4158-973E-23B1A9810CD2}"
EndProject
Global
	GlobalSection(SolutionConfigurationPlatforms) = preSolution
		Debug|Any CPU = Debug|Any CPU
		Release|Any CPU = Release|Any CPU
	EndGlobalSection
	GlobalSection(ProjectConfigurationPlatforms) = postSolution
		{4BDE58D2-F071-4964-9A06-54460A7FE1D5}.Debug|Any CPU.ActiveCfg = Debug|Any CPU
		{4BDE58D2-F071-4964-9A06-54460A7FE1D5}.Debug|Any CPU.Build.0 = Debug|Any CPU
		{4BDE58D2-F071-4964-9A06-54460A7FE1D5}.Release|Any CPU.ActiveCfg = Release|Any CPU
		{4BDE58D2-F071-4964-9A06-54460A7FE1D5}.Release|Any CPU.Build.0 = Release|Any CPU
		{4D63491E-DAC8-4523-AF54-4A84B8F467AF}.Debug|Any CPU.ActiveCfg = Debug|Any CPU
		{4D63491E-DAC8-4523-AF54-4A84B8F467AF}.Debug|Any CPU.Build.0 = Debug|Any CPU
		{4D63491E-DAC8-4523-AF54-4A84B8F467AF}.Release|Any CPU.ActiveCfg = Release|Any CPU
		{4D63491E-DAC8-4523-AF54-4A84B8F467AF}.Release|Any CPU.Build.0 = Release|Any CPU
		{BD95E587-09C4-4C05-9675-93FE04EFB5E9}.Debug|Any CPU.ActiveCfg = Debug|Any CPU
		{BD95E587-09C4-4C05-9675-93FE04EFB5E9}.Debug|Any CPU.Build.0 = Debug|Any CPU
		{BD95E587-09C4-4C05-9675-93FE04EFB5E9}.Release|Any CPU.ActiveCfg = Release|Any CPU
		{BD95E587-09C4-4C05-9675-93FE04EFB5E9}.Release|Any CPU.Build.0 = Release|Any CPU
		{47B5A077-3733-443E-BEC9-2CA99327C277}.Debug|Any CPU.ActiveCfg = Debug|Any CPU
		{47B5A077-3733-443E-BEC9-2CA99327C277}.Debug|Any CPU.Build.0 = Debug|Any CPU
		{47B5A077-3733-443E-BEC9-2CA99327C277}.Release|Any CPU.ActiveCfg = Release|Any CPU
		{47B5A077-3733-443E-BEC9-2CA99327C277}.Release|Any CPU.Build.0 = Release|Any CPU
		{70F1CB88-0057-4376-B2F0-6586CD545A18}.Debug|Any CPU.ActiveCfg = Debug|Any CPU
		{70F1CB88-0057-4376-B2F0-6586CD545A18}.Debug|Any CPU.Build.0 = Debug|Any CPU
		{70F1CB88-0057-4376-B2F0-6586CD545A18}.Release|Any CPU.ActiveCfg = Release|Any CPU
		{70F1CB88-0057-4376-B2F0-6586CD545A18}.Release|Any CPU.Build.0 = Release|Any CPU
		{C1C23B5F-F597-448E-8DC1-6FBB2E5888CA}.Debug|Any CPU.ActiveCfg = Debug|Any CPU
		{C1C23B5F-F597-448E-8DC1-6FBB2E5888CA}.Debug|Any CPU.Build.0 = Debug|Any CPU
		{C1C23B5F-F597-448E-8DC1-6FBB2E5888CA}.Release|Any CPU.ActiveCfg = Release|Any CPU
		{C1C23B5F-F597-448E-8DC1-6FBB2E5888CA}.Release|Any CPU.Build.0 = Release|Any CPU
		{DA8F7692-6F5F-493B-BD95-8F077391585B}.Debug|Any CPU.ActiveCfg = Debug|Any CPU
		{DA8F7692-6F5F-493B-BD95-8F077391585B}.Debug|Any CPU.Build.0 = Debug|Any CPU
		{DA8F7692-6F5F-493B-BD95-8F077391585B}.Release|Any CPU.ActiveCfg = Release|Any CPU
		{DA8F7692-6F5F-493B-BD95-8F077391585B}.Release|Any CPU.Build.0 = Release|Any CPU
		{8809CF33-941E-4AAA-BDAB-848924843999}.Debug|Any CPU.ActiveCfg = Debug|Any CPU
		{8809CF33-941E-4AAA-BDAB-848924843999}.Debug|Any CPU.Build.0 = Debug|Any CPU
		{8809CF33-941E-4AAA-BDAB-848924843999}.Release|Any CPU.ActiveCfg = Release|Any CPU
		{8809CF33-941E-4AAA-BDAB-848924843999}.Release|Any CPU.Build.0 = Release|Any CPU
		{8833BFD2-A2D9-4432-944C-ACF174B730CB}.Debug|Any CPU.ActiveCfg = Debug|Any CPU
		{8833BFD2-A2D9-4432-944C-ACF174B730CB}.Debug|Any CPU.Build.0 = Debug|Any CPU
		{8833BFD2-A2D9-4432-944C-ACF174B730CB}.Release|Any CPU.ActiveCfg = Release|Any CPU
		{8833BFD2-A2D9-4432-944C-ACF174B730CB}.Release|Any CPU.Build.0 = Release|Any CPU
		{8C029ECD-7854-4C12-A9E4-50AD2E119892}.Debug|Any CPU.ActiveCfg = Debug|Any CPU
		{8C029ECD-7854-4C12-A9E4-50AD2E119892}.Debug|Any CPU.Build.0 = Debug|Any CPU
		{8C029ECD-7854-4C12-A9E4-50AD2E119892}.Release|Any CPU.ActiveCfg = Release|Any CPU
		{8C029ECD-7854-4C12-A9E4-50AD2E119892}.Release|Any CPU.Build.0 = Release|Any CPU
		{58F50C43-841C-4A4D-ACF3-52C3B009FCAC}.Debug|Any CPU.ActiveCfg = Debug|Any CPU
		{58F50C43-841C-4A4D-ACF3-52C3B009FCAC}.Debug|Any CPU.Build.0 = Debug|Any CPU
		{58F50C43-841C-4A4D-ACF3-52C3B009FCAC}.Release|Any CPU.ActiveCfg = Release|Any CPU
		{58F50C43-841C-4A4D-ACF3-52C3B009FCAC}.Release|Any CPU.Build.0 = Release|Any CPU
		{55DE3E0F-CB94-4C56-8C9E-CFAFA72D23B4}.Debug|Any CPU.ActiveCfg = Debug|Any CPU
		{55DE3E0F-CB94-4C56-8C9E-CFAFA72D23B4}.Debug|Any CPU.Build.0 = Debug|Any CPU
		{55DE3E0F-CB94-4C56-8C9E-CFAFA72D23B4}.Release|Any CPU.ActiveCfg = Release|Any CPU
		{55DE3E0F-CB94-4C56-8C9E-CFAFA72D23B4}.Release|Any CPU.Build.0 = Release|Any CPU
		{FB96FA18-C716-4F65-8D25-20FDEBCF4395}.Debug|Any CPU.ActiveCfg = Debug|Any CPU
		{FB96FA18-C716-4F65-8D25-20FDEBCF4395}.Debug|Any CPU.Build.0 = Debug|Any CPU
		{FB96FA18-C716-4F65-8D25-20FDEBCF4395}.Release|Any CPU.ActiveCfg = Release|Any CPU
		{FB96FA18-C716-4F65-8D25-20FDEBCF4395}.Release|Any CPU.Build.0 = Release|Any CPU
		{DDF04D98-49AF-4A77-BA70-69C9C695DF51}.Debug|Any CPU.ActiveCfg = Debug|Any CPU
		{DDF04D98-49AF-4A77-BA70-69C9C695DF51}.Debug|Any CPU.Build.0 = Debug|Any CPU
		{DDF04D98-49AF-4A77-BA70-69C9C695DF51}.Release|Any CPU.ActiveCfg = Release|Any CPU
		{DDF04D98-49AF-4A77-BA70-69C9C695DF51}.Release|Any CPU.Build.0 = Release|Any CPU
		{7C97B77F-8A23-43D6-9539-F61A4BB1A618}.Debug|Any CPU.ActiveCfg = Debug|Any CPU
		{7C97B77F-8A23-43D6-9539-F61A4BB1A618}.Debug|Any CPU.Build.0 = Debug|Any CPU
		{7C97B77F-8A23-43D6-9539-F61A4BB1A618}.Release|Any CPU.ActiveCfg = Release|Any CPU
		{7C97B77F-8A23-43D6-9539-F61A4BB1A618}.Release|Any CPU.Build.0 = Release|Any CPU
		{0D95FACC-3D5B-4428-B752-F8037DEBF1AA}.Debug|Any CPU.ActiveCfg = Debug|Any CPU
		{0D95FACC-3D5B-4428-B752-F8037DEBF1AA}.Debug|Any CPU.Build.0 = Debug|Any CPU
		{0D95FACC-3D5B-4428-B752-F8037DEBF1AA}.Release|Any CPU.ActiveCfg = Release|Any CPU
		{0D95FACC-3D5B-4428-B752-F8037DEBF1AA}.Release|Any CPU.Build.0 = Release|Any CPU
		{3657022F-9580-4C83-ADA1-D8365ABD2BAE}.Debug|Any CPU.ActiveCfg = Debug|Any CPU
		{3657022F-9580-4C83-ADA1-D8365ABD2BAE}.Debug|Any CPU.Build.0 = Debug|Any CPU
		{3657022F-9580-4C83-ADA1-D8365ABD2BAE}.Release|Any CPU.ActiveCfg = Release|Any CPU
		{3657022F-9580-4C83-ADA1-D8365ABD2BAE}.Release|Any CPU.Build.0 = Release|Any CPU
		{724FDE12-A75E-4E92-9452-45C68F12B622}.Debug|Any CPU.ActiveCfg = Debug|Any CPU
		{724FDE12-A75E-4E92-9452-45C68F12B622}.Debug|Any CPU.Build.0 = Debug|Any CPU
		{724FDE12-A75E-4E92-9452-45C68F12B622}.Release|Any CPU.ActiveCfg = Release|Any CPU
		{724FDE12-A75E-4E92-9452-45C68F12B622}.Release|Any CPU.Build.0 = Release|Any CPU
		{D24B1185-F48C-416A-A555-F3A87D7D9133}.Debug|Any CPU.ActiveCfg = Debug|Any CPU
		{D24B1185-F48C-416A-A555-F3A87D7D9133}.Debug|Any CPU.Build.0 = Debug|Any CPU
		{D24B1185-F48C-416A-A555-F3A87D7D9133}.Release|Any CPU.ActiveCfg = Release|Any CPU
		{D24B1185-F48C-416A-A555-F3A87D7D9133}.Release|Any CPU.Build.0 = Release|Any CPU
		{7658DB07-38F8-4ED3-ADD4-A53DC0F73CAA}.Debug|Any CPU.ActiveCfg = Debug|Any CPU
		{7658DB07-38F8-4ED3-ADD4-A53DC0F73CAA}.Debug|Any CPU.Build.0 = Debug|Any CPU
		{7658DB07-38F8-4ED3-ADD4-A53DC0F73CAA}.Release|Any CPU.ActiveCfg = Release|Any CPU
		{7658DB07-38F8-4ED3-ADD4-A53DC0F73CAA}.Release|Any CPU.Build.0 = Release|Any CPU
		{5E613DF4-C8EF-4B05-A796-8CF23A51CF4D}.Debug|Any CPU.ActiveCfg = Debug|Any CPU
		{5E613DF4-C8EF-4B05-A796-8CF23A51CF4D}.Debug|Any CPU.Build.0 = Debug|Any CPU
		{5E613DF4-C8EF-4B05-A796-8CF23A51CF4D}.Release|Any CPU.ActiveCfg = Release|Any CPU
		{5E613DF4-C8EF-4B05-A796-8CF23A51CF4D}.Release|Any CPU.Build.0 = Release|Any CPU
		{CDE974A5-84DB-46EC-98D0-AC4F7D8FCBFC}.Debug|Any CPU.ActiveCfg = Debug|Any CPU
		{CDE974A5-84DB-46EC-98D0-AC4F7D8FCBFC}.Debug|Any CPU.Build.0 = Debug|Any CPU
		{CDE974A5-84DB-46EC-98D0-AC4F7D8FCBFC}.Release|Any CPU.ActiveCfg = Release|Any CPU
		{CDE974A5-84DB-46EC-98D0-AC4F7D8FCBFC}.Release|Any CPU.Build.0 = Release|Any CPU
		{19A8E89A-9A49-4B04-980C-2C5E358C3C79}.Debug|Any CPU.ActiveCfg = Debug|Any CPU
		{19A8E89A-9A49-4B04-980C-2C5E358C3C79}.Debug|Any CPU.Build.0 = Debug|Any CPU
		{19A8E89A-9A49-4B04-980C-2C5E358C3C79}.Release|Any CPU.ActiveCfg = Release|Any CPU
		{19A8E89A-9A49-4B04-980C-2C5E358C3C79}.Release|Any CPU.Build.0 = Release|Any CPU
		{F1A9BD33-7F54-4E5D-BDF9-C6B0CBE839D5}.Debug|Any CPU.ActiveCfg = Debug|Any CPU
		{F1A9BD33-7F54-4E5D-BDF9-C6B0CBE839D5}.Debug|Any CPU.Build.0 = Debug|Any CPU
		{F1A9BD33-7F54-4E5D-BDF9-C6B0CBE839D5}.Release|Any CPU.ActiveCfg = Release|Any CPU
		{F1A9BD33-7F54-4E5D-BDF9-C6B0CBE839D5}.Release|Any CPU.Build.0 = Release|Any CPU
		{C489B29B-402E-4938-B7E6-7119DA419202}.Debug|Any CPU.ActiveCfg = Debug|Any CPU
		{C489B29B-402E-4938-B7E6-7119DA419202}.Debug|Any CPU.Build.0 = Debug|Any CPU
		{C489B29B-402E-4938-B7E6-7119DA419202}.Release|Any CPU.ActiveCfg = Release|Any CPU
		{C489B29B-402E-4938-B7E6-7119DA419202}.Release|Any CPU.Build.0 = Release|Any CPU
		{AE77DA2F-D10E-441F-9A4D-4CD8E47C50C9}.Debug|Any CPU.ActiveCfg = Debug|Any CPU
		{AE77DA2F-D10E-441F-9A4D-4CD8E47C50C9}.Debug|Any CPU.Build.0 = Debug|Any CPU
		{AE77DA2F-D10E-441F-9A4D-4CD8E47C50C9}.Release|Any CPU.ActiveCfg = Release|Any CPU
		{AE77DA2F-D10E-441F-9A4D-4CD8E47C50C9}.Release|Any CPU.Build.0 = Release|Any CPU
		{AE283DB6-94DD-4713-B6E1-961670A6013C}.Debug|Any CPU.ActiveCfg = Debug|Any CPU
		{AE283DB6-94DD-4713-B6E1-961670A6013C}.Debug|Any CPU.Build.0 = Debug|Any CPU
		{AE283DB6-94DD-4713-B6E1-961670A6013C}.Release|Any CPU.ActiveCfg = Release|Any CPU
		{AE283DB6-94DD-4713-B6E1-961670A6013C}.Release|Any CPU.Build.0 = Release|Any CPU
		{0EC39670-1D1D-427A-9FC5-C6E1E5CD7E0F}.Debug|Any CPU.ActiveCfg = Debug|Any CPU
		{0EC39670-1D1D-427A-9FC5-C6E1E5CD7E0F}.Debug|Any CPU.Build.0 = Debug|Any CPU
		{0EC39670-1D1D-427A-9FC5-C6E1E5CD7E0F}.Release|Any CPU.ActiveCfg = Release|Any CPU
		{0EC39670-1D1D-427A-9FC5-C6E1E5CD7E0F}.Release|Any CPU.Build.0 = Release|Any CPU
		{B2CD3E10-C1C9-4091-B609-B533A4C89E3B}.Debug|Any CPU.ActiveCfg = Debug|Any CPU
		{B2CD3E10-C1C9-4091-B609-B533A4C89E3B}.Debug|Any CPU.Build.0 = Debug|Any CPU
		{B2CD3E10-C1C9-4091-B609-B533A4C89E3B}.Release|Any CPU.ActiveCfg = Release|Any CPU
		{B2CD3E10-C1C9-4091-B609-B533A4C89E3B}.Release|Any CPU.Build.0 = Release|Any CPU
		{3CEDD924-A379-4479-A901-7E0EC873C567}.Debug|Any CPU.ActiveCfg = Debug|Any CPU
		{3CEDD924-A379-4479-A901-7E0EC873C567}.Debug|Any CPU.Build.0 = Debug|Any CPU
		{3CEDD924-A379-4479-A901-7E0EC873C567}.Release|Any CPU.ActiveCfg = Release|Any CPU
		{3CEDD924-A379-4479-A901-7E0EC873C567}.Release|Any CPU.Build.0 = Release|Any CPU
		{293161E3-827A-4C91-8B40-3A9E8AC4F063}.Debug|Any CPU.ActiveCfg = Debug|Any CPU
		{293161E3-827A-4C91-8B40-3A9E8AC4F063}.Debug|Any CPU.Build.0 = Debug|Any CPU
		{293161E3-827A-4C91-8B40-3A9E8AC4F063}.Release|Any CPU.ActiveCfg = Release|Any CPU
		{293161E3-827A-4C91-8B40-3A9E8AC4F063}.Release|Any CPU.Build.0 = Release|Any CPU
		{EAD2CA01-D933-4158-973E-23B1A9810CD2}.Debug|Any CPU.ActiveCfg = Debug|Any CPU
		{EAD2CA01-D933-4158-973E-23B1A9810CD2}.Debug|Any CPU.Build.0 = Debug|Any CPU
		{EAD2CA01-D933-4158-973E-23B1A9810CD2}.Release|Any CPU.ActiveCfg = Release|Any CPU
		{EAD2CA01-D933-4158-973E-23B1A9810CD2}.Release|Any CPU.Build.0 = Release|Any CPU
	EndGlobalSection
	GlobalSection(SolutionProperties) = preSolution
		HideSolutionNode = FALSE
	EndGlobalSection
	GlobalSection(NestedProjects) = preSolution
		{76B6D65F-BCDA-47DF-85E0-3F20B5E5981B} = {82EF56C0-345A-43AE-894E-BE656525075E}
		{0835334A-B1DB-4232-B802-139BCD717694} = {82EF56C0-345A-43AE-894E-BE656525075E}
		{6DE6BECE-2F91-41CE-9361-B97D7D54F0E4} = {0835334A-B1DB-4232-B802-139BCD717694}
		{FBC08666-E102-480B-AA61-84C48F2E529B} = {0835334A-B1DB-4232-B802-139BCD717694}
		{9D64552A-30E5-45BF-B538-7C6E9138AF3A} = {0835334A-B1DB-4232-B802-139BCD717694}
		{9878DB4C-83E6-4025-9E76-4823B598A4F5} = {0835334A-B1DB-4232-B802-139BCD717694}
		{4F6AA114-3F1B-49FF-8DE7-6ADDE9F39086} = {0835334A-B1DB-4232-B802-139BCD717694}
		{2639A71F-B86B-4A4D-BD20-F14641533F2D} = {82EF56C0-345A-43AE-894E-BE656525075E}
		{92FA52E2-DF83-44DE-B7FD-D493FE9CB998} = {76B6D65F-BCDA-47DF-85E0-3F20B5E5981B}
		{4BDE58D2-F071-4964-9A06-54460A7FE1D5} = {92FA52E2-DF83-44DE-B7FD-D493FE9CB998}
		{4D63491E-DAC8-4523-AF54-4A84B8F467AF} = {6DE6BECE-2F91-41CE-9361-B97D7D54F0E4}
		{BD95E587-09C4-4C05-9675-93FE04EFB5E9} = {FBC08666-E102-480B-AA61-84C48F2E529B}
		{47B5A077-3733-443E-BEC9-2CA99327C277} = {9878DB4C-83E6-4025-9E76-4823B598A4F5}
		{70F1CB88-0057-4376-B2F0-6586CD545A18} = {9D64552A-30E5-45BF-B538-7C6E9138AF3A}
		{C1C23B5F-F597-448E-8DC1-6FBB2E5888CA} = {4F6AA114-3F1B-49FF-8DE7-6ADDE9F39086}
		{DA8F7692-6F5F-493B-BD95-8F077391585B} = {2639A71F-B86B-4A4D-BD20-F14641533F2D}
		{8809CF33-941E-4AAA-BDAB-848924843999} = {2639A71F-B86B-4A4D-BD20-F14641533F2D}
		{8833BFD2-A2D9-4432-944C-ACF174B730CB} = {2639A71F-B86B-4A4D-BD20-F14641533F2D}
		{8C029ECD-7854-4C12-A9E4-50AD2E119892} = {2639A71F-B86B-4A4D-BD20-F14641533F2D}
		{58F50C43-841C-4A4D-ACF3-52C3B009FCAC} = {2639A71F-B86B-4A4D-BD20-F14641533F2D}
		{55DE3E0F-CB94-4C56-8C9E-CFAFA72D23B4} = {2639A71F-B86B-4A4D-BD20-F14641533F2D}
		{FB96FA18-C716-4F65-8D25-20FDEBCF4395} = {2639A71F-B86B-4A4D-BD20-F14641533F2D}
		{DDF04D98-49AF-4A77-BA70-69C9C695DF51} = {2639A71F-B86B-4A4D-BD20-F14641533F2D}
		{7C97B77F-8A23-43D6-9539-F61A4BB1A618} = {2639A71F-B86B-4A4D-BD20-F14641533F2D}
		{0D95FACC-3D5B-4428-B752-F8037DEBF1AA} = {2639A71F-B86B-4A4D-BD20-F14641533F2D}
		{3657022F-9580-4C83-ADA1-D8365ABD2BAE} = {2639A71F-B86B-4A4D-BD20-F14641533F2D}
		{724FDE12-A75E-4E92-9452-45C68F12B622} = {2639A71F-B86B-4A4D-BD20-F14641533F2D}
		{D24B1185-F48C-416A-A555-F3A87D7D9133} = {2639A71F-B86B-4A4D-BD20-F14641533F2D}
		{7658DB07-38F8-4ED3-ADD4-A53DC0F73CAA} = {2639A71F-B86B-4A4D-BD20-F14641533F2D}
		{5E613DF4-C8EF-4B05-A796-8CF23A51CF4D} = {2639A71F-B86B-4A4D-BD20-F14641533F2D}
		{CDE974A5-84DB-46EC-98D0-AC4F7D8FCBFC} = {2639A71F-B86B-4A4D-BD20-F14641533F2D}
		{19A8E89A-9A49-4B04-980C-2C5E358C3C79} = {2639A71F-B86B-4A4D-BD20-F14641533F2D}
		{F1A9BD33-7F54-4E5D-BDF9-C6B0CBE839D5} = {2639A71F-B86B-4A4D-BD20-F14641533F2D}
		{C489B29B-402E-4938-B7E6-7119DA419202} = {2639A71F-B86B-4A4D-BD20-F14641533F2D}
		{AE77DA2F-D10E-441F-9A4D-4CD8E47C50C9} = {2639A71F-B86B-4A4D-BD20-F14641533F2D}
		{AE283DB6-94DD-4713-B6E1-961670A6013C} = {2639A71F-B86B-4A4D-BD20-F14641533F2D}
		{0EC39670-1D1D-427A-9FC5-C6E1E5CD7E0F} = {2639A71F-B86B-4A4D-BD20-F14641533F2D}
		{B2CD3E10-C1C9-4091-B609-B533A4C89E3B} = {2639A71F-B86B-4A4D-BD20-F14641533F2D}
		{3CEDD924-A379-4479-A901-7E0EC873C567} = {2639A71F-B86B-4A4D-BD20-F14641533F2D}
		{293161E3-827A-4C91-8B40-3A9E8AC4F063} = {2639A71F-B86B-4A4D-BD20-F14641533F2D}
		{EAD2CA01-D933-4158-973E-23B1A9810CD2} = {2639A71F-B86B-4A4D-BD20-F14641533F2D}
	EndGlobalSection
EndGlobal
